
Microsoft Visual Studio Solution File, Format Version 12.00
# Visual Studio Version 16
VisualStudioVersion = 16.0.30320.27
MinimumVisualStudioVersion = 10.0.40219.1
Project("{9A19103F-16F7-4668-BE54-9A1E7A4F7556}") = "Gluh.TechnicalTest", "Gluh.TechnicalTest.csproj", "{2ABF0DA8-B541-4535-82B7-28A6582DC945}"
EndProject
Project("{FAE04EC0-301F-11D3-BF4B-00C04F79EFBC}") = "Gluh.TechnicalTest.UnitTests", "..\Gluh.TechnicalTest.UnitTests\Gluh.TechnicalTest.UnitTests.csproj", "{2DC6E6AB-7A43-485B-8F78-71CAEE1C3727}"
EndProject
Global
	GlobalSection(SolutionConfigurationPlatforms) = preSolution
		Debug|Any CPU = Debug|Any CPU
		Release|Any CPU = Release|Any CPU
	EndGlobalSection
	GlobalSection(ProjectConfigurationPlatforms) = postSolution
		{2ABF0DA8-B541-4535-82B7-28A6582DC945}.Debug|Any CPU.ActiveCfg = Debug|Any CPU
		{2ABF0DA8-B541-4535-82B7-28A6582DC945}.Debug|Any CPU.Build.0 = Debug|Any CPU
		{2ABF0DA8-B541-4535-82B7-28A6582DC945}.Release|Any CPU.ActiveCfg = Release|Any CPU
		{2ABF0DA8-B541-4535-82B7-28A6582DC945}.Release|Any CPU.Build.0 = Release|Any CPU
		{2DC6E6AB-7A43-485B-8F78-71CAEE1C3727}.Debug|Any CPU.ActiveCfg = Debug|Any CPU
		{2DC6E6AB-7A43-485B-8F78-71CAEE1C3727}.Debug|Any CPU.Build.0 = Debug|Any CPU
		{2DC6E6AB-7A43-485B-8F78-71CAEE1C3727}.Release|Any CPU.ActiveCfg = Release|Any CPU
		{2DC6E6AB-7A43-485B-8F78-71CAEE1C3727}.Release|Any CPU.Build.0 = Release|Any CPU
	EndGlobalSection
	GlobalSection(SolutionProperties) = preSolution
		HideSolutionNode = FALSE
	EndGlobalSection
	GlobalSection(ExtensibilityGlobals) = postSolution
		SolutionGuid = {77AAA61E-C60B-4128-AB7D-FCC9CE15E609}
	EndGlobalSection
EndGlobal
